
Microsoft Visual Studio Solution File, Format Version 12.00
# Visual Studio Version 17
VisualStudioVersion = 17.3.32819.101
MinimumVisualStudioVersion = 10.0.40219.1
Project("{888888A0-9F3D-457C-B088-3A5042F75D52}") = "cadastro-dvds-venda", "cadastro-dvds-venda.pyproj", "{6A07CC31-1435-4B29-BFAF-A5B201C99F8F}"
EndProject
Global
	GlobalSection(SolutionConfigurationPlatforms) = preSolution
		Debug|Any CPU = Debug|Any CPU
		Release|Any CPU = Release|Any CPU
	EndGlobalSection
	GlobalSection(ProjectConfigurationPlatforms) = postSolution
		{6A07CC31-1435-4B29-BFAF-A5B201C99F8F}.Debug|Any CPU.ActiveCfg = Debug|Any CPU
		{6A07CC31-1435-4B29-BFAF-A5B201C99F8F}.Debug|Any CPU.Build.0 = Debug|Any CPU
		{6A07CC31-1435-4B29-BFAF-A5B201C99F8F}.Release|Any CPU.ActiveCfg = Release|Any CPU
		{6A07CC31-1435-4B29-BFAF-A5B201C99F8F}.Release|Any CPU.Build.0 = Release|Any CPU
	EndGlobalSection
	GlobalSection(SolutionProperties) = preSolution
		HideSolutionNode = FALSE
	EndGlobalSection
	GlobalSection(ExtensibilityGlobals) = postSolution
		SolutionGuid = {AE05FB97-FF02-4AE7-8C60-77280E15306C}
	EndGlobalSection
EndGlobal
